
Microsoft Visual Studio Solution File, Format Version 12.00
# Visual Studio Version 17
VisualStudioVersion = 17.9.34622.214
MinimumVisualStudioVersion = 10.0.40219.1
Project("{FAE04EC0-301F-11D3-BF4B-00C04F79EFBC}") = "DemoProjectEx", "DemoProjectEx\DemoProjectEx.csproj", "{75D52CEE-F451-4829-A822-D17BD3EE7739}"
EndProject
Global
	GlobalSection(SolutionConfigurationPlatforms) = preSolution
		Debug|Any CPU = Debug|Any CPU
		Release|Any CPU = Release|Any CPU
	EndGlobalSection
	GlobalSection(ProjectConfigurationPlatforms) = postSolution
		{75D52CEE-F451-4829-A822-D17BD3EE7739}.Debug|Any CPU.ActiveCfg = Debug|Any CPU
		{75D52CEE-F451-4829-A822-D17BD3EE7739}.Debug|Any CPU.Build.0 = Debug|Any CPU
		{75D52CEE-F451-4829-A822-D17BD3EE7739}.Release|Any CPU.ActiveCfg = Release|Any CPU
		{75D52CEE-F451-4829-A822-D17BD3EE7739}.Release|Any CPU.Build.0 = Release|Any CPU
	EndGlobalSection
	GlobalSection(SolutionProperties) = preSolution
		HideSolutionNode = FALSE
	EndGlobalSection
	GlobalSection(ExtensibilityGlobals) = postSolution
		SolutionGuid = {50DDC3A0-1F09-49B6-973F-5A51F0169804}
	EndGlobalSection
	GlobalSection(TeamFoundationVersionControl) = preSolution
		SccNumberOfProjects = 2
		SccEnterpriseProvider = {4CA58AB2-18FA-4F8D-95D4-32DDF27D184C}
		SccTeamFoundationServer = https://dev.azure.com/suryaavtalent
		SccLocalPath0 = .
		SccProjectUniqueName1 = DemoProjectEx\\DemoProjectEx.csproj
		SccProjectName1 = DemoProjectEx
		SccLocalPath1 = DemoProjectEx
	EndGlobalSection
EndGlobal
